
Microsoft Visual Studio Solution File, Format Version 11.00
# Visual Studio 2010
Project("{FAE04EC0-301F-11D3-BF4B-00C04F79EFBC}") = "VisualStudioController", "VisualStudioController\VisualStudioController.csproj", "{89D3C5AC-7408-40FD-892C-3BB3808FA314}"
EndProject
Global
	GlobalSection(SolutionConfigurationPlatforms) = preSolution
		Debug|x86 = Debug|x86
		Release|x86 = Release|x86
	EndGlobalSection
	GlobalSection(ProjectConfigurationPlatforms) = postSolution
		{89D3C5AC-7408-40FD-892C-3BB3808FA314}.Debug|x86.ActiveCfg = Debug|x86
		{89D3C5AC-7408-40FD-892C-3BB3808FA314}.Debug|x86.Build.0 = Debug|x86
		{89D3C5AC-7408-40FD-892C-3BB3808FA314}.Release|x86.ActiveCfg = Release|x86
		{89D3C5AC-7408-40FD-892C-3BB3808FA314}.Release|x86.Build.0 = Release|x86
	EndGlobalSection
	GlobalSection(SolutionProperties) = preSolution
		HideSolutionNode = FALSE
	EndGlobalSection
EndGlobal
